
Microsoft Visual Studio Solution File, Format Version 11.00
# Visual C# Express 2010
Project("{FAE04EC0-301F-11D3-BF4B-00C04F79EFBC}") = "MetaDataExplorer", "MetaDataExplorer\MetaDataExplorer.csproj", "{578ECC29-0426-4201-9B77-46411AA17B1B}"
EndProject
Project("{FAE04EC0-301F-11D3-BF4B-00C04F79EFBC}") = "MetaDataExplorer.Tests", "MetaDataExplorer.Tests\MetaDataExplorer.Tests.csproj", "{08B01121-EF26-43AC-A12B-25C95C08A9EF}"
EndProject
Global
	GlobalSection(SolutionConfigurationPlatforms) = preSolution
		Debug|Any CPU = Debug|Any CPU
		Debug|Mixed Platforms = Debug|Mixed Platforms
		Debug|x86 = Debug|x86
		Release|Any CPU = Release|Any CPU
		Release|Mixed Platforms = Release|Mixed Platforms
		Release|x86 = Release|x86
	EndGlobalSection
	GlobalSection(ProjectConfigurationPlatforms) = postSolution
		{578ECC29-0426-4201-9B77-46411AA17B1B}.Debug|Any CPU.ActiveCfg = Debug|Any CPU
		{578ECC29-0426-4201-9B77-46411AA17B1B}.Debug|Any CPU.Build.0 = Debug|Any CPU
		{578ECC29-0426-4201-9B77-46411AA17B1B}.Debug|Mixed Platforms.ActiveCfg = Debug|Any CPU
		{578ECC29-0426-4201-9B77-46411AA17B1B}.Debug|Mixed Platforms.Build.0 = Debug|Any CPU
		{578ECC29-0426-4201-9B77-46411AA17B1B}.Debug|x86.ActiveCfg = Debug|Any CPU
		{578ECC29-0426-4201-9B77-46411AA17B1B}.Release|Any CPU.ActiveCfg = Release|Any CPU
		{578ECC29-0426-4201-9B77-46411AA17B1B}.Release|Any CPU.Build.0 = Release|Any CPU
		{578ECC29-0426-4201-9B77-46411AA17B1B}.Release|Mixed Platforms.ActiveCfg = Release|Any CPU
		{578ECC29-0426-4201-9B77-46411AA17B1B}.Release|Mixed Platforms.Build.0 = Release|Any CPU
		{578ECC29-0426-4201-9B77-46411AA17B1B}.Release|x86.ActiveCfg = Release|Any CPU
		{08B01121-EF26-43AC-A12B-25C95C08A9EF}.Debug|Any CPU.ActiveCfg = Debug|x86
		{08B01121-EF26-43AC-A12B-25C95C08A9EF}.Debug|Mixed Platforms.ActiveCfg = Debug|x86
		{08B01121-EF26-43AC-A12B-25C95C08A9EF}.Debug|Mixed Platforms.Build.0 = Debug|x86
		{08B01121-EF26-43AC-A12B-25C95C08A9EF}.Debug|x86.ActiveCfg = Debug|x86
		{08B01121-EF26-43AC-A12B-25C95C08A9EF}.Debug|x86.Build.0 = Debug|x86
		{08B01121-EF26-43AC-A12B-25C95C08A9EF}.Release|Any CPU.ActiveCfg = Release|x86
		{08B01121-EF26-43AC-A12B-25C95C08A9EF}.Release|Mixed Platforms.ActiveCfg = Release|x86
		{08B01121-EF26-43AC-A12B-25C95C08A9EF}.Release|Mixed Platforms.Build.0 = Release|x86
		{08B01121-EF26-43AC-A12B-25C95C08A9EF}.Release|x86.ActiveCfg = Release|x86
		{08B01121-EF26-43AC-A12B-25C95C08A9EF}.Release|x86.Build.0 = Release|x86
	EndGlobalSection
	GlobalSection(SolutionProperties) = preSolution
		HideSolutionNode = FALSE
	EndGlobalSection
EndGlobal
